
Microsoft Visual Studio Solution File, Format Version 12.00
# Visual Studio Version 16
VisualStudioVersion = 16.0.31702.278
MinimumVisualStudioVersion = 10.0.40219.1
Project("{FAE04EC0-301F-11D3-BF4B-00C04F79EFBC}") = "Decorator", "Decorator\Decorator.csproj", "{2EBB583C-596B-4357-B783-B9DD30B627E3}"
EndProject
Global
	GlobalSection(SolutionConfigurationPlatforms) = preSolution
		Debug|Any CPU = Debug|Any CPU
		Release|Any CPU = Release|Any CPU
	EndGlobalSection
	GlobalSection(ProjectConfigurationPlatforms) = postSolution
		{2EBB583C-596B-4357-B783-B9DD30B627E3}.Debug|Any CPU.ActiveCfg = Debug|Any CPU
		{2EBB583C-596B-4357-B783-B9DD30B627E3}.Debug|Any CPU.Build.0 = Debug|Any CPU
		{2EBB583C-596B-4357-B783-B9DD30B627E3}.Release|Any CPU.ActiveCfg = Release|Any CPU
		{2EBB583C-596B-4357-B783-B9DD30B627E3}.Release|Any CPU.Build.0 = Release|Any CPU
	EndGlobalSection
	GlobalSection(SolutionProperties) = preSolution
		HideSolutionNode = FALSE
	EndGlobalSection
	GlobalSection(ExtensibilityGlobals) = postSolution
		SolutionGuid = {EE84A46B-6CA8-43A4-942E-F07F0F277743}
	EndGlobalSection
EndGlobal
